
Microsoft Visual Studio Solution File, Format Version 12.00
# Visual Studio Version 17
VisualStudioVersion = 17.11.35219.272
MinimumVisualStudioVersion = 10.0.40219.1
Project("{FAE04EC0-301F-11D3-BF4B-00C04F79EFBC}") = "practice number idk", "practice number idk\practice number idk.csproj", "{94BAFCED-9B26-4A73-8C84-D47139C06014}"
EndProject
Global
	GlobalSection(SolutionConfigurationPlatforms) = preSolution
		Debug|Any CPU = Debug|Any CPU
		Release|Any CPU = Release|Any CPU
	EndGlobalSection
	GlobalSection(ProjectConfigurationPlatforms) = postSolution
		{94BAFCED-9B26-4A73-8C84-D47139C06014}.Debug|Any CPU.ActiveCfg = Debug|Any CPU
		{94BAFCED-9B26-4A73-8C84-D47139C06014}.Debug|Any CPU.Build.0 = Debug|Any CPU
		{94BAFCED-9B26-4A73-8C84-D47139C06014}.Release|Any CPU.ActiveCfg = Release|Any CPU
		{94BAFCED-9B26-4A73-8C84-D47139C06014}.Release|Any CPU.Build.0 = Release|Any CPU
	EndGlobalSection
	GlobalSection(SolutionProperties) = preSolution
		HideSolutionNode = FALSE
	EndGlobalSection
	GlobalSection(ExtensibilityGlobals) = postSolution
		SolutionGuid = {4979435A-EAAF-4B46-952F-337041E71FE9}
	EndGlobalSection
EndGlobal
